// !$*UTF8*$!
{
	archiveVersion = 1;
	classes = {
	};
	objectVersion = 46;
	objects = {

/* Begin PBXBuildFile section */
		490055B71597C6D400DD4480 /* Edge.m in Sources */ = {isa = PBXBuildFile; fileRef = 490055B61597C6D400DD4480 /* Edge.m */; };
		490055BA1597F30400DD4480 /* ManualsTableViewController.m in Sources */ = {isa = PBXBuildFile; fileRef = 490055B91597F30400DD4480 /* ManualsTableViewController.m */; };
		490055BD1597F5C500DD4480 /* TabBarController.m in Sources */ = {isa = PBXBuildFile; fileRef = 490055BC1597F5C500DD4480 /* TabBarController.m */; };
		491529D2158E8C8D00464C1A /* Canvas.m in Sources */ = {isa = PBXBuildFile; fileRef = 491529D1158E8C8D00464C1A /* Canvas.m */; };
		49452A1B1594FAFE00AC730F /* PinPopoverContentViewController.m in Sources */ = {isa = PBXBuildFile; fileRef = 49452A1A1594FAFE00AC730F /* PinPopoverContentViewController.m */; };
		49452A1E159502AB00AC730F /* InfoPopoverContentViewController.m in Sources */ = {isa = PBXBuildFile; fileRef = 49452A1D159502AB00AC730F /* InfoPopoverContentViewController.m */; };
		495ADCBF158E627500BC6E16 /* UIKit.framework in Frameworks */ = {isa = PBXBuildFile; fileRef = 495ADCBE158E627500BC6E16 /* UIKit.framework */; };
		495ADCC1158E627500BC6E16 /* Foundation.framework in Frameworks */ = {isa = PBXBuildFile; fileRef = 495ADCC0158E627500BC6E16 /* Foundation.framework */; };
		495ADCC3158E627500BC6E16 /* CoreGraphics.framework in Frameworks */ = {isa = PBXBuildFile; fileRef = 495ADCC2158E627500BC6E16 /* CoreGraphics.framework */; };
		495ADCC9158E627500BC6E16 /* InfoPlist.strings in Resources */ = {isa = PBXBuildFile; fileRef = 495ADCC7158E627500BC6E16 /* InfoPlist.strings */; };
		495ADCCB158E627500BC6E16 /* main.m in Sources */ = {isa = PBXBuildFile; fileRef = 495ADCCA158E627500BC6E16 /* main.m */; };
		495ADCCF158E627500BC6E16 /* AppDelegate.m in Sources */ = {isa = PBXBuildFile; fileRef = 495ADCCE158E627500BC6E16 /* AppDelegate.m */; };
		495ADCD2158E627500BC6E16 /* MainStoryboard_iPhone.storyboard in Resources */ = {isa = PBXBuildFile; fileRef = 495ADCD0158E627500BC6E16 /* MainStoryboard_iPhone.storyboard */; };
		495ADCD5158E627500BC6E16 /* MainStoryboard_iPad.storyboard in Resources */ = {isa = PBXBuildFile; fileRef = 495ADCD3158E627500BC6E16 /* MainStoryboard_iPad.storyboard */; };
		495ADCD8158E627500BC6E16 /* MasterViewController.m in Sources */ = {isa = PBXBuildFile; fileRef = 495ADCD7158E627500BC6E16 /* MasterViewController.m */; };
		495ADCDB158E627500BC6E16 /* DetailViewController.m in Sources */ = {isa = PBXBuildFile; fileRef = 495ADCDA158E627500BC6E16 /* DetailViewController.m */; };
		495ADCF5158E629200BC6E16 /* NSData+Additions.m in Sources */ = {isa = PBXBuildFile; fileRef = 495ADCE4158E629200BC6E16 /* NSData+Additions.m */; };
		495ADCF6158E629200BC6E16 /* NSMutableArray+NSRails.m in Sources */ = {isa = PBXBuildFile; fileRef = 495ADCE6158E629200BC6E16 /* NSMutableArray+NSRails.m */; };
		495ADCF7158E629200BC6E16 /* NSObject+Properties.m in Sources */ = {isa = PBXBuildFile; fileRef = 495ADCE8158E629200BC6E16 /* NSObject+Properties.m */; };
		495ADCF8158E629200BC6E16 /* NSString+Inflection.m in Sources */ = {isa = PBXBuildFile; fileRef = 495ADCEA158E629200BC6E16 /* NSString+Inflection.m */; };
		495ADCF9158E629200BC6E16 /* NSRConfig.m in Sources */ = {isa = PBXBuildFile; fileRef = 495ADCED158E629200BC6E16 /* NSRConfig.m */; };
		495ADCFA158E629200BC6E16 /* NSRPropertyCollection.m in Sources */ = {isa = PBXBuildFile; fileRef = 495ADCF0158E629200BC6E16 /* NSRPropertyCollection.m */; };
		495ADCFB158E629200BC6E16 /* NSRRemoteObject.m in Sources */ = {isa = PBXBuildFile; fileRef = 495ADCF2158E629200BC6E16 /* NSRRemoteObject.m */; };
		495ADCFC158E629200BC6E16 /* NSRRequest.m in Sources */ = {isa = PBXBuildFile; fileRef = 495ADCF4158E629200BC6E16 /* NSRRequest.m */; };
		495ADD00158E63BC00BC6E16 /* Device.m in Sources */ = {isa = PBXBuildFile; fileRef = 495ADCFF158E63BC00BC6E16 /* Device.m */; };
		495ADD02158E63D500BC6E16 /* CoreData.framework in Frameworks */ = {isa = PBXBuildFile; fileRef = 495ADD01158E63D500BC6E16 /* CoreData.framework */; };
		495C8DDC15991758004E450F /* headbar-bg-r.png in Resources */ = {isa = PBXBuildFile; fileRef = 495C8DDB15991758004E450F /* headbar-bg-r.png */; };
		495C8DDF159919FB004E450F /* oneline-bg-grid.png in Resources */ = {isa = PBXBuildFile; fileRef = 495C8DDE159919FB004E450F /* oneline-bg-grid.png */; };
		4971D4D7159DF78600D93C58 /* CopyViewController.m in Sources */ = {isa = PBXBuildFile; fileRef = 4971D4D6159DF78500D93C58 /* CopyViewController.m */; };
		499167A615964B8900F00502 /* SingleDeviceViewController.m in Sources */ = {isa = PBXBuildFile; fileRef = 499167A515964B8900F00502 /* SingleDeviceViewController.m */; };
		49CAA2201598E17100762D93 /* header-btn-info.png in Resources */ = {isa = PBXBuildFile; fileRef = 49CAA21F1598E17100762D93 /* header-btn-info.png */; };
		49CAA2221598EC4F00762D93 /* header-btn-pin.png in Resources */ = {isa = PBXBuildFile; fileRef = 49CAA2211598EC4F00762D93 /* header-btn-pin.png */; };
		49D95B72159CD5B6003C5649 /* splash_bg.png in Resources */ = {isa = PBXBuildFile; fileRef = 49D95B71159CD5B6003C5649 /* splash_bg.png */; };
		49D95B76159CD66E003C5649 /* SplashViewController.m in Sources */ = {isa = PBXBuildFile; fileRef = 49D95B75159CD66E003C5649 /* SplashViewController.m */; };
		49D95B7A159CE067003C5649 /* login_btn.png in Resources */ = {isa = PBXBuildFile; fileRef = 49D95B79159CE067003C5649 /* login_btn.png */; };
/* End PBXBuildFile section */

/* Begin PBXFileReference section */
		490055B51597C6D400DD4480 /* Edge.h */ = {isa = PBXFileReference; fileEncoding = 4; lastKnownFileType = sourcecode.c.h; path = Edge.h; sourceTree = "<group>"; };
		490055B61597C6D400DD4480 /* Edge.m */ = {isa = PBXFileReference; fileEncoding = 4; lastKnownFileType = sourcecode.c.objc; path = Edge.m; sourceTree = "<group>"; };
		490055B81597F30400DD4480 /* ManualsTableViewController.h */ = {isa = PBXFileReference; fileEncoding = 4; lastKnownFileType = sourcecode.c.h; path = ManualsTableViewController.h; sourceTree = "<group>"; };
		490055B91597F30400DD4480 /* ManualsTableViewController.m */ = {isa = PBXFileReference; fileEncoding = 4; lastKnownFileType = sourcecode.c.objc; path = ManualsTableViewController.m; sourceTree = "<group>"; };
		490055BB1597F5C500DD4480 /* TabBarController.h */ = {isa = PBXFileReference; fileEncoding = 4; lastKnownFileType = sourcecode.c.h; path = TabBarController.h; sourceTree = "<group>"; };
		490055BC1597F5C500DD4480 /* TabBarController.m */ = {isa = PBXFileReference; fileEncoding = 4; lastKnownFileType = sourcecode.c.objc; path = TabBarController.m; sourceTree = "<group>"; };
		491529D0158E8C8D00464C1A /* Canvas.h */ = {isa = PBXFileReference; fileEncoding = 4; lastKnownFileType = sourcecode.c.h; path = Canvas.h; sourceTree = "<group>"; };
		491529D1158E8C8D00464C1A /* Canvas.m */ = {isa = PBXFileReference; fileEncoding = 4; lastKnownFileType = sourcecode.c.objc; path = Canvas.m; sourceTree = "<group>"; };
		49452A191594FAFE00AC730F /* PinPopoverContentViewController.h */ = {isa = PBXFileReference; fileEncoding = 4; lastKnownFileType = sourcecode.c.h; path = PinPopoverContentViewController.h; sourceTree = "<group>"; };
		49452A1A1594FAFE00AC730F /* PinPopoverContentViewController.m */ = {isa = PBXFileReference; fileEncoding = 4; lastKnownFileType = sourcecode.c.objc; path = PinPopoverContentViewController.m; sourceTree = "<group>"; };
		49452A1C159502AA00AC730F /* InfoPopoverContentViewController.h */ = {isa = PBXFileReference; fileEncoding = 4; lastKnownFileType = sourcecode.c.h; path = InfoPopoverContentViewController.h; sourceTree = "<group>"; };
		49452A1D159502AB00AC730F /* InfoPopoverContentViewController.m */ = {isa = PBXFileReference; fileEncoding = 4; lastKnownFileType = sourcecode.c.objc; path = InfoPopoverContentViewController.m; sourceTree = "<group>"; };
		495ADCBA158E627500BC6E16 /* Current4.app */ = {isa = PBXFileReference; explicitFileType = wrapper.application; includeInIndex = 0; path = Current4.app; sourceTree = BUILT_PRODUCTS_DIR; };
		495ADCBE158E627500BC6E16 /* UIKit.framework */ = {isa = PBXFileReference; lastKnownFileType = wrapper.framework; name = UIKit.framework; path = System/Library/Frameworks/UIKit.framework; sourceTree = SDKROOT; };
		495ADCC0158E627500BC6E16 /* Foundation.framework */ = {isa = PBXFileReference; lastKnownFileType = wrapper.framework; name = Foundation.framework; path = System/Library/Frameworks/Foundation.framework; sourceTree = SDKROOT; };
		495ADCC2158E627500BC6E16 /* CoreGraphics.framework */ = {isa = PBXFileReference; lastKnownFileType = wrapper.framework; name = CoreGraphics.framework; path = System/Library/Frameworks/CoreGraphics.framework; sourceTree = SDKROOT; };
		495ADCC6158E627500BC6E16 /* Current4-Info.plist */ = {isa = PBXFileReference; lastKnownFileType = text.plist.xml; path = "Current4-Info.plist"; sourceTree = "<group>"; };
		495ADCC8158E627500BC6E16 /* en */ = {isa = PBXFileReference; lastKnownFileType = text.plist.strings; name = en; path = en.lproj/InfoPlist.strings; sourceTree = "<group>"; };
		495ADCCA158E627500BC6E16 /* main.m */ = {isa = PBXFileReference; lastKnownFileType = sourcecode.c.objc; path = main.m; sourceTree = "<group>"; };
		495ADCCC158E627500BC6E16 /* Current4-Prefix.pch */ = {isa = PBXFileReference; lastKnownFileType = sourcecode.c.h; path = "Current4-Prefix.pch"; sourceTree = "<group>"; };
		495ADCCD158E627500BC6E16 /* AppDelegate.h */ = {isa = PBXFileReference; lastKnownFileType = sourcecode.c.h; path = AppDelegate.h; sourceTree = "<group>"; };
		495ADCCE158E627500BC6E16 /* AppDelegate.m */ = {isa = PBXFileReference; lastKnownFileType = sourcecode.c.objc; path = AppDelegate.m; sourceTree = "<group>"; };
		495ADCD1158E627500BC6E16 /* en */ = {isa = PBXFileReference; lastKnownFileType = file.storyboard; name = en; path = en.lproj/MainStoryboard_iPhone.storyboard; sourceTree = "<group>"; };
		495ADCD4158E627500BC6E16 /* en */ = {isa = PBXFileReference; lastKnownFileType = file.storyboard; name = en; path = en.lproj/MainStoryboard_iPad.storyboard; sourceTree = "<group>"; };
		495ADCD6158E627500BC6E16 /* MasterViewController.h */ = {isa = PBXFileReference; lastKnownFileType = sourcecode.c.h; path = MasterViewController.h; sourceTree = "<group>"; };
		495ADCD7158E627500BC6E16 /* MasterViewController.m */ = {isa = PBXFileReference; lastKnownFileType = sourcecode.c.objc; path = MasterViewController.m; sourceTree = "<group>"; };
		495ADCD9158E627500BC6E16 /* DetailViewController.h */ = {isa = PBXFileReference; lastKnownFileType = sourcecode.c.h; path = DetailViewController.h; sourceTree = "<group>"; };
		495ADCDA158E627500BC6E16 /* DetailViewController.m */ = {isa = PBXFileReference; lastKnownFileType = sourcecode.c.objc; path = DetailViewController.m; sourceTree = "<group>"; };
		495ADCE3158E629200BC6E16 /* NSData+Additions.h */ = {isa = PBXFileReference; fileEncoding = 4; lastKnownFileType = sourcecode.c.h; path = "NSData+Additions.h"; sourceTree = "<group>"; };
		495ADCE4158E629200BC6E16 /* NSData+Additions.m */ = {isa = PBXFileReference; fileEncoding = 4; lastKnownFileType = sourcecode.c.objc; path = "NSData+Additions.m"; sourceTree = "<group>"; };
		495ADCE5158E629200BC6E16 /* NSMutableArray+NSRails.h */ = {isa = PBXFileReference; fileEncoding = 4; lastKnownFileType = sourcecode.c.h; path = "NSMutableArray+NSRails.h"; sourceTree = "<group>"; };
		495ADCE6158E629200BC6E16 /* NSMutableArray+NSRails.m */ = {isa = PBXFileReference; fileEncoding = 4; lastKnownFileType = sourcecode.c.objc; path = "NSMutableArray+NSRails.m"; sourceTree = "<group>"; };
		495ADCE7158E629200BC6E16 /* NSObject+Properties.h */ = {isa = PBXFileReference; fileEncoding = 4; lastKnownFileType = sourcecode.c.h; path = "NSObject+Properties.h"; sourceTree = "<group>"; };
		495ADCE8158E629200BC6E16 /* NSObject+Properties.m */ = {isa = PBXFileReference; fileEncoding = 4; lastKnownFileType = sourcecode.c.objc; path = "NSObject+Properties.m"; sourceTree = "<group>"; };
		495ADCE9158E629200BC6E16 /* NSString+Inflection.h */ = {isa = PBXFileReference; fileEncoding = 4; lastKnownFileType = sourcecode.c.h; path = "NSString+Inflection.h"; sourceTree = "<group>"; };
		495ADCEA158E629200BC6E16 /* NSString+Inflection.m */ = {isa = PBXFileReference; fileEncoding = 4; lastKnownFileType = sourcecode.c.objc; path = "NSString+Inflection.m"; sourceTree = "<group>"; };
		495ADCEB158E629200BC6E16 /* NSRails.h */ = {isa = PBXFileReference; fileEncoding = 4; lastKnownFileType = sourcecode.c.h; path = NSRails.h; sourceTree = "<group>"; };
		495ADCEC158E629200BC6E16 /* NSRConfig.h */ = {isa = PBXFileReference; fileEncoding = 4; lastKnownFileType = sourcecode.c.h; path = NSRConfig.h; sourceTree = "<group>"; };
		495ADCED158E629200BC6E16 /* NSRConfig.m */ = {isa = PBXFileReference; fileEncoding = 4; lastKnownFileType = sourcecode.c.objc; path = NSRConfig.m; sourceTree = "<group>"; };
		495ADCEE158E629200BC6E16 /* NSRMacros.h */ = {isa = PBXFileReference; fileEncoding = 4; lastKnownFileType = sourcecode.c.h; path = NSRMacros.h; sourceTree = "<group>"; };
		495ADCEF158E629200BC6E16 /* NSRPropertyCollection.h */ = {isa = PBXFileReference; fileEncoding = 4; lastKnownFileType = sourcecode.c.h; path = NSRPropertyCollection.h; sourceTree = "<group>"; };
		495ADCF0158E629200BC6E16 /* NSRPropertyCollection.m */ = {isa = PBXFileReference; fileEncoding = 4; lastKnownFileType = sourcecode.c.objc; path = NSRPropertyCollection.m; sourceTree = "<group>"; };
		495ADCF1158E629200BC6E16 /* NSRRemoteObject.h */ = {isa = PBXFileReference; fileEncoding = 4; lastKnownFileType = sourcecode.c.h; path = NSRRemoteObject.h; sourceTree = "<group>"; };
		495ADCF2158E629200BC6E16 /* NSRRemoteObject.m */ = {isa = PBXFileReference; fileEncoding = 4; lastKnownFileType = sourcecode.c.objc; path = NSRRemoteObject.m; sourceTree = "<group>"; };
		495ADCF3158E629200BC6E16 /* NSRRequest.h */ = {isa = PBXFileReference; fileEncoding = 4; lastKnownFileType = sourcecode.c.h; path = NSRRequest.h; sourceTree = "<group>"; };
		495ADCF4158E629200BC6E16 /* NSRRequest.m */ = {isa = PBXFileReference; fileEncoding = 4; lastKnownFileType = sourcecode.c.objc; path = NSRRequest.m; sourceTree = "<group>"; };
		495ADCFE158E63BC00BC6E16 /* Device.h */ = {isa = PBXFileReference; fileEncoding = 4; lastKnownFileType = sourcecode.c.h; path = Device.h; sourceTree = "<group>"; };
		495ADCFF158E63BC00BC6E16 /* Device.m */ = {isa = PBXFileReference; fileEncoding = 4; lastKnownFileType = sourcecode.c.objc; path = Device.m; sourceTree = "<group>"; };
		495ADD01158E63D500BC6E16 /* CoreData.framework */ = {isa = PBXFileReference; lastKnownFileType = wrapper.framework; name = CoreData.framework; path = System/Library/Frameworks/CoreData.framework; sourceTree = SDKROOT; };
		495C8DDB15991758004E450F /* headbar-bg-r.png */ = {isa = PBXFileReference; lastKnownFileType = image.png; path = "headbar-bg-r.png"; sourceTree = "<group>"; };
		495C8DDE159919FB004E450F /* oneline-bg-grid.png */ = {isa = PBXFileReference; lastKnownFileType = image.png; path = "oneline-bg-grid.png"; sourceTree = "<group>"; };
		4971D4D5159DF78500D93C58 /* CopyViewController.h */ = {isa = PBXFileReference; fileEncoding = 4; lastKnownFileType = sourcecode.c.h; path = CopyViewController.h; sourceTree = "<group>"; };
		4971D4D6159DF78500D93C58 /* CopyViewController.m */ = {isa = PBXFileReference; fileEncoding = 4; lastKnownFileType = sourcecode.c.objc; path = CopyViewController.m; sourceTree = "<group>"; };
		499167A415964B8900F00502 /* SingleDeviceViewController.h */ = {isa = PBXFileReference; fileEncoding = 4; lastKnownFileType = sourcecode.c.h; path = SingleDeviceViewController.h; sourceTree = "<group>"; };
		499167A515964B8900F00502 /* SingleDeviceViewController.m */ = {isa = PBXFileReference; fileEncoding = 4; lastKnownFileType = sourcecode.c.objc; path = SingleDeviceViewController.m; sourceTree = "<group>"; };
		49CAA21F1598E17100762D93 /* header-btn-info.png */ = {isa = PBXFileReference; lastKnownFileType = image.png; path = "header-btn-info.png"; sourceTree = "<group>"; };
		49CAA2211598EC4F00762D93 /* header-btn-pin.png */ = {isa = PBXFileReference; lastKnownFileType = image.png; path = "header-btn-pin.png"; sourceTree = "<group>"; };
		49D95B71159CD5B6003C5649 /* splash_bg.png */ = {isa = PBXFileReference; lastKnownFileType = image.png; path = splash_bg.png; sourceTree = "<group>"; };
		49D95B74159CD66E003C5649 /* SplashViewController.h */ = {isa = PBXFileReference; fileEncoding = 4; lastKnownFileType = sourcecode.c.h; path = SplashViewController.h; sourceTree = "<group>"; };
		49D95B75159CD66E003C5649 /* SplashViewController.m */ = {isa = PBXFileReference; fileEncoding = 4; lastKnownFileType = sourcecode.c.objc; path = SplashViewController.m; sourceTree = "<group>"; };
		49D95B77159CD9A7003C5649 /* Default.png */ = {isa = PBXFileReference; lastKnownFileType = image.png; name = Default.png; path = ../Default.png; sourceTree = "<group>"; };
		49D95B79159CE067003C5649 /* login_btn.png */ = {isa = PBXFileReference; lastKnownFileType = image.png; name = login_btn.png; path = "../../../../../../../Dropbox/Eaton Project/Visioning/App/Photoshop HiFi/Slices/login_btn.png"; sourceTree = "<group>"; };
/* End PBXFileReference section */

/* Begin PBXFrameworksBuildPhase section */
		495ADCB7158E627500BC6E16 /* Frameworks */ = {
			isa = PBXFrameworksBuildPhase;
			buildActionMask = 2147483647;
			files = (
				495ADD02158E63D500BC6E16 /* CoreData.framework in Frameworks */,
				495ADCBF158E627500BC6E16 /* UIKit.framework in Frameworks */,
				495ADCC1158E627500BC6E16 /* Foundation.framework in Frameworks */,
				495ADCC3158E627500BC6E16 /* CoreGraphics.framework in Frameworks */,
			);
			runOnlyForDeploymentPostprocessing = 0;
		};
/* End PBXFrameworksBuildPhase section */

/* Begin PBXGroup section */
		49452A1F159505F500AC730F /* PopOvers */ = {
			isa = PBXGroup;
			children = (
				49452A191594FAFE00AC730F /* PinPopoverContentViewController.h */,
				49452A1A1594FAFE00AC730F /* PinPopoverContentViewController.m */,
				49452A1C159502AA00AC730F /* InfoPopoverContentViewController.h */,
				49452A1D159502AB00AC730F /* InfoPopoverContentViewController.m */,
			);
			name = PopOvers;
			sourceTree = "<group>";
		};
		495ADCAF158E627500BC6E16 = {
			isa = PBXGroup;
			children = (
				495ADCC4158E627500BC6E16 /* Current4 */,
				495ADCBD158E627500BC6E16 /* Frameworks */,
				495ADCBB158E627500BC6E16 /* Products */,
			);
			sourceTree = "<group>";
		};
		495ADCBB158E627500BC6E16 /* Products */ = {
			isa = PBXGroup;
			children = (
				495ADCBA158E627500BC6E16 /* Current4.app */,
			);
			name = Products;
			sourceTree = "<group>";
		};
		495ADCBD158E627500BC6E16 /* Frameworks */ = {
			isa = PBXGroup;
			children = (
				495ADD01158E63D500BC6E16 /* CoreData.framework */,
				495ADCBE158E627500BC6E16 /* UIKit.framework */,
				495ADCC0158E627500BC6E16 /* Foundation.framework */,
				495ADCC2158E627500BC6E16 /* CoreGraphics.framework */,
			);
			name = Frameworks;
			sourceTree = "<group>";
		};
		495ADCC4158E627500BC6E16 /* Current4 */ = {
			isa = PBXGroup;
			children = (
				495ADCCD158E627500BC6E16 /* AppDelegate.h */,
				495ADCCE158E627500BC6E16 /* AppDelegate.m */,
				495ADCD0158E627500BC6E16 /* MainStoryboard_iPhone.storyboard */,
				495ADCD3158E627500BC6E16 /* MainStoryboard_iPad.storyboard */,
				49D95B74159CD66E003C5649 /* SplashViewController.h */,
				49D95B75159CD66E003C5649 /* SplashViewController.m */,
				490055BB1597F5C500DD4480 /* TabBarController.h */,
				490055BC1597F5C500DD4480 /* TabBarController.m */,
				495ADCD6158E627500BC6E16 /* MasterViewController.h */,
				495ADCD7158E627500BC6E16 /* MasterViewController.m */,
				495ADCD9158E627500BC6E16 /* DetailViewController.h */,
				495ADCDA158E627500BC6E16 /* DetailViewController.m */,
				499167A415964B8900F00502 /* SingleDeviceViewController.h */,
				499167A515964B8900F00502 /* SingleDeviceViewController.m */,
				490055B81597F30400DD4480 /* ManualsTableViewController.h */,
				490055B91597F30400DD4480 /* ManualsTableViewController.m */,
				4971D4D5159DF78500D93C58 /* CopyViewController.h */,
				4971D4D6159DF78500D93C58 /* CopyViewController.m */,
				491529D0158E8C8D00464C1A /* Canvas.h */,
				491529D1158E8C8D00464C1A /* Canvas.m */,
				49CAA21D1598E15100762D93 /* Images */,
				49452A1F159505F500AC730F /* PopOvers */,
				495ADCFD158E63AA00BC6E16 /* Models */,
				495ADCE1158E629200BC6E16 /* NSRails */,
				495ADCC5158E627500BC6E16 /* Supporting Files */,
			);
			path = Current4;
			sourceTree = "<group>";
		};
		495ADCC5158E627500BC6E16 /* Supporting Files */ = {
			isa = PBXGroup;
			children = (
				495ADCC6158E627500BC6E16 /* Current4-Info.plist */,
				495ADCC7158E627500BC6E16 /* InfoPlist.strings */,
				495ADCCA158E627500BC6E16 /* main.m */,
				495ADCCC158E627500BC6E16 /* Current4-Prefix.pch */,
			);
			name = "Supporting Files";
			sourceTree = "<group>";
		};
		495ADCE1158E629200BC6E16 /* NSRails */ = {
			isa = PBXGroup;
			children = (
				495ADCE2158E629200BC6E16 /* Categories */,
				495ADCEB158E629200BC6E16 /* NSRails.h */,
				495ADCEC158E629200BC6E16 /* NSRConfig.h */,
				495ADCED158E629200BC6E16 /* NSRConfig.m */,
				495ADCEE158E629200BC6E16 /* NSRMacros.h */,
				495ADCEF158E629200BC6E16 /* NSRPropertyCollection.h */,
				495ADCF0158E629200BC6E16 /* NSRPropertyCollection.m */,
				495ADCF1158E629200BC6E16 /* NSRRemoteObject.h */,
				495ADCF2158E629200BC6E16 /* NSRRemoteObject.m */,
				495ADCF3158E629200BC6E16 /* NSRRequest.h */,
				495ADCF4158E629200BC6E16 /* NSRRequest.m */,
			);
			name = NSRails;
			path = Source;
			sourceTree = "<group>";
		};
		495ADCE2158E629200BC6E16 /* Categories */ = {
			isa = PBXGroup;
			children = (
				495ADCE3158E629200BC6E16 /* NSData+Additions.h */,
				495ADCE4158E629200BC6E16 /* NSData+Additions.m */,
				495ADCE5158E629200BC6E16 /* NSMutableArray+NSRails.h */,
				495ADCE6158E629200BC6E16 /* NSMutableArray+NSRails.m */,
				495ADCE7158E629200BC6E16 /* NSObject+Properties.h */,
				495ADCE8158E629200BC6E16 /* NSObject+Properties.m */,
				495ADCE9158E629200BC6E16 /* NSString+Inflection.h */,
				495ADCEA158E629200BC6E16 /* NSString+Inflection.m */,
			);
			path = Categories;
			sourceTree = "<group>";
		};
		495ADCFD158E63AA00BC6E16 /* Models */ = {
			isa = PBXGroup;
			children = (
				495ADCFE158E63BC00BC6E16 /* Device.h */,
				495ADCFF158E63BC00BC6E16 /* Device.m */,
				490055B51597C6D400DD4480 /* Edge.h */,
				490055B61597C6D400DD4480 /* Edge.m */,
			);
			name = Models;
			sourceTree = "<group>";
		};
		49CAA21D1598E15100762D93 /* Images */ = {
			isa = PBXGroup;
			children = (
				49D95B77159CD9A7003C5649 /* Default.png */,
				49D95B79159CE067003C5649 /* login_btn.png */,
				49D95B71159CD5B6003C5649 /* splash_bg.png */,
				495C8DDE159919FB004E450F /* oneline-bg-grid.png */,
				495C8DDB15991758004E450F /* headbar-bg-r.png */,
				49CAA2211598EC4F00762D93 /* header-btn-pin.png */,
				49CAA21F1598E17100762D93 /* header-btn-info.png */,
			);
			name = Images;
			sourceTree = "<group>";
		};
/* End PBXGroup section */

/* Begin PBXNativeTarget section */
		495ADCB9158E627500BC6E16 /* Current4 */ = {
			isa = PBXNativeTarget;
			buildConfigurationList = 495ADCDE158E627500BC6E16 /* Build configuration list for PBXNativeTarget "Current4" */;
			buildPhases = (
				495ADCB6158E627500BC6E16 /* Sources */,
				495ADCB7158E627500BC6E16 /* Frameworks */,
				495ADCB8158E627500BC6E16 /* Resources */,
			);
			buildRules = (
			);
			dependencies = (
			);
			name = Current4;
			productName = Current4;
			productReference = 495ADCBA158E627500BC6E16 /* Current4.app */;
			productType = "com.apple.product-type.application";
		};
/* End PBXNativeTarget section */

/* Begin PBXProject section */
		495ADCB1158E627500BC6E16 /* Project object */ = {
			isa = PBXProject;
			attributes = {
				LastUpgradeCheck = 0430;
			};
			buildConfigurationList = 495ADCB4158E627500BC6E16 /* Build configuration list for PBXProject "Current4" */;
			compatibilityVersion = "Xcode 3.2";
			developmentRegion = English;
			hasScannedForEncodings = 0;
			knownRegions = (
				en,
			);
			mainGroup = 495ADCAF158E627500BC6E16;
			productRefGroup = 495ADCBB158E627500BC6E16 /* Products */;
			projectDirPath = "";
			projectRoot = "";
			targets = (
				495ADCB9158E627500BC6E16 /* Current4 */,
			);
		};
/* End PBXProject section */

/* Begin PBXResourcesBuildPhase section */
		495ADCB8158E627500BC6E16 /* Resources */ = {
			isa = PBXResourcesBuildPhase;
			buildActionMask = 2147483647;
			files = (
				495ADCC9158E627500BC6E16 /* InfoPlist.strings in Resources */,
				495ADCD2158E627500BC6E16 /* MainStoryboard_iPhone.storyboard in Resources */,
				495ADCD5158E627500BC6E16 /* MainStoryboard_iPad.storyboard in Resources */,
				49CAA2201598E17100762D93 /* header-btn-info.png in Resources */,
				49CAA2221598EC4F00762D93 /* header-btn-pin.png in Resources */,
				495C8DDC15991758004E450F /* headbar-bg-r.png in Resources */,
				495C8DDF159919FB004E450F /* oneline-bg-grid.png in Resources */,
				49D95B72159CD5B6003C5649 /* splash_bg.png in Resources */,
				49D95B7A159CE067003C5649 /* login_btn.png in Resources */,
			);
			runOnlyForDeploymentPostprocessing = 0;
		};
/* End PBXResourcesBuildPhase section */

/* Begin PBXSourcesBuildPhase section */
		495ADCB6158E627500BC6E16 /* Sources */ = {
			isa = PBXSourcesBuildPhase;
			buildActionMask = 2147483647;
			files = (
				495ADCCB158E627500BC6E16 /* main.m in Sources */,
				495ADCCF158E627500BC6E16 /* AppDelegate.m in Sources */,
				495ADCD8158E627500BC6E16 /* MasterViewController.m in Sources */,
				495ADCDB158E627500BC6E16 /* DetailViewController.m in Sources */,
				495ADCF5158E629200BC6E16 /* NSData+Additions.m in Sources */,
				495ADCF6158E629200BC6E16 /* NSMutableArray+NSRails.m in Sources */,
				495ADCF7158E629200BC6E16 /* NSObject+Properties.m in Sources */,
				495ADCF8158E629200BC6E16 /* NSString+Inflection.m in Sources */,
				495ADCF9158E629200BC6E16 /* NSRConfig.m in Sources */,
				495ADCFA158E629200BC6E16 /* NSRPropertyCollection.m in Sources */,
				495ADCFB158E629200BC6E16 /* NSRRemoteObject.m in Sources */,
				495ADCFC158E629200BC6E16 /* NSRRequest.m in Sources */,
				495ADD00158E63BC00BC6E16 /* Device.m in Sources */,
				491529D2158E8C8D00464C1A /* Canvas.m in Sources */,
				49452A1B1594FAFE00AC730F /* PinPopoverContentViewController.m in Sources */,
				49452A1E159502AB00AC730F /* InfoPopoverContentViewController.m in Sources */,
				499167A615964B8900F00502 /* SingleDeviceViewController.m in Sources */,
				490055B71597C6D400DD4480 /* Edge.m in Sources */,
				490055BA1597F30400DD4480 /* ManualsTableViewController.m in Sources */,
				490055BD1597F5C500DD4480 /* TabBarController.m in Sources */,
				49D95B76159CD66E003C5649 /* SplashViewController.m in Sources */,
				4971D4D7159DF78600D93C58 /* CopyViewController.m in Sources */,
			);
			runOnlyForDeploymentPostprocessing = 0;
		};
/* End PBXSourcesBuildPhase section */

/* Begin PBXVariantGroup section */
		495ADCC7158E627500BC6E16 /* InfoPlist.strings */ = {
			isa = PBXVariantGroup;
			children = (
				495ADCC8158E627500BC6E16 /* en */,
			);
			name = InfoPlist.strings;
			sourceTree = "<group>";
		};
		495ADCD0158E627500BC6E16 /* MainStoryboard_iPhone.storyboard */ = {
			isa = PBXVariantGroup;
			children = (
				495ADCD1158E627500BC6E16 /* en */,
			);
			name = MainStoryboard_iPhone.storyboard;
			sourceTree = "<group>";
		};
		495ADCD3158E627500BC6E16 /* MainStoryboard_iPad.storyboard */ = {
			isa = PBXVariantGroup;
			children = (
				495ADCD4158E627500BC6E16 /* en */,
			);
			name = MainStoryboard_iPad.storyboard;
			sourceTree = "<group>";
		};
/* End PBXVariantGroup section */

/* Begin XCBuildConfiguration section */
		495ADCDC158E627500BC6E16 /* Debug */ = {
			isa = XCBuildConfiguration;
			buildSettings = {
				ALWAYS_SEARCH_USER_PATHS = NO;
				ARCHS = "$(ARCHS_STANDARD_32_BIT)";
				CLANG_ENABLE_OBJC_ARC = YES;
				"CODE_SIGN_IDENTITY[sdk=iphoneos*]" = "iPhone Developer";
				COPY_PHASE_STRIP = NO;
				GCC_C_LANGUAGE_STANDARD = gnu99;
				GCC_DYNAMIC_NO_PIC = NO;
				GCC_OPTIMIZATION_LEVEL = 0;
				GCC_PREPROCESSOR_DEFINITIONS = (
					"DEBUG=1",
					"$(inherited)",
				);
				GCC_SYMBOLS_PRIVATE_EXTERN = NO;
				GCC_VERSION = com.apple.compilers.llvm.clang.1_0;
				GCC_WARN_ABOUT_RETURN_TYPE = YES;
				GCC_WARN_UNINITIALIZED_AUTOS = YES;
				GCC_WARN_UNUSED_VARIABLE = YES;
				IPHONEOS_DEPLOYMENT_TARGET = 5.1;
				SDKROOT = iphoneos;
				TARGETED_DEVICE_FAMILY = "1,2";
			};
			name = Debug;
		};
		495ADCDD158E627500BC6E16 /* Release */ = {
			isa = XCBuildConfiguration;
			buildSettings = {
				ALWAYS_SEARCH_USER_PATHS = NO;
				ARCHS = "$(ARCHS_STANDARD_32_BIT)";
				CLANG_ENABLE_OBJC_ARC = YES;
				"CODE_SIGN_IDENTITY[sdk=iphoneos*]" = "iPhone Developer";
				COPY_PHASE_STRIP = YES;
				GCC_C_LANGUAGE_STANDARD = gnu99;
				GCC_VERSION = com.apple.compilers.llvm.clang.1_0;
				GCC_WARN_ABOUT_RETURN_TYPE = YES;
				GCC_WARN_UNINITIALIZED_AUTOS = YES;
				GCC_WARN_UNUSED_VARIABLE = YES;
				IPHONEOS_DEPLOYMENT_TARGET = 5.1;
				OTHER_CFLAGS = "-DNS_BLOCK_ASSERTIONS=1";
				SDKROOT = iphoneos;
				TARGETED_DEVICE_FAMILY = "1,2";
				VALIDATE_PRODUCT = YES;
			};
			name = Release;
		};
		495ADCDF158E627500BC6E16 /* Debug */ = {
			isa = XCBuildConfiguration;
			buildSettings = {
				GCC_PRECOMPILE_PREFIX_HEADER = YES;
				GCC_PREFIX_HEADER = "Current4/Current4-Prefix.pch";
				INFOPLIST_FILE = "Current4/Current4-Info.plist";
				PRODUCT_NAME = "$(TARGET_NAME)";
				WRAPPER_EXTENSION = app;
			};
			name = Debug;
		};
		495ADCE0158E627500BC6E16 /* Release */ = {
			isa = XCBuildConfiguration;
			buildSettings = {
				GCC_PRECOMPILE_PREFIX_HEADER = YES;
				GCC_PREFIX_HEADER = "Current4/Current4-Prefix.pch";
				INFOPLIST_FILE = "Current4/Current4-Info.plist";
				PRODUCT_NAME = "$(TARGET_NAME)";
				WRAPPER_EXTENSION = app;
			};
			name = Release;
		};
/* End XCBuildConfiguration section */

/* Begin XCConfigurationList section */
		495ADCB4158E627500BC6E16 /* Build configuration list for PBXProject "Current4" */ = {
			isa = XCConfigurationList;
			buildConfigurations = (
				495ADCDC158E627500BC6E16 /* Debug */,
				495ADCDD158E627500BC6E16 /* Release */,
			);
			defaultConfigurationIsVisible = 0;
			defaultConfigurationName = Release;
		};
		495ADCDE158E627500BC6E16 /* Build configuration list for PBXNativeTarget "Current4" */ = {
			isa = XCConfigurationList;
			buildConfigurations = (
				495ADCDF158E627500BC6E16 /* Debug */,
				495ADCE0158E627500BC6E16 /* Release */,
			);
			defaultConfigurationIsVisible = 0;
			defaultConfigurationName = Release;
		};
/* End XCConfigurationList section */
	};
	rootObject = 495ADCB1158E627500BC6E16 /* Project object */;
}
